
Microsoft Visual Studio Solution File, Format Version 12.00
# Visual Studio Version 16
VisualStudioVersion = 16.0.33529.622
MinimumVisualStudioVersion = 10.0.40219.1
Project("{FAE04EC0-301F-11D3-BF4B-00C04F79EFBC}") = "ListViewDemo", "ListViewDemo\ListViewDemo.csproj", "{48D0D15E-9440-4EAF-8765-7932674111C6}"
EndProject
Global
	GlobalSection(SolutionConfigurationPlatforms) = preSolution
		Debug|Any CPU = Debug|Any CPU
		Release|Any CPU = Release|Any CPU
	EndGlobalSection
	GlobalSection(ProjectConfigurationPlatforms) = postSolution
		{48D0D15E-9440-4EAF-8765-7932674111C6}.Debug|Any CPU.ActiveCfg = Debug|Any CPU
		{48D0D15E-9440-4EAF-8765-7932674111C6}.Debug|Any CPU.Build.0 = Debug|Any CPU
		{48D0D15E-9440-4EAF-8765-7932674111C6}.Release|Any CPU.ActiveCfg = Release|Any CPU
		{48D0D15E-9440-4EAF-8765-7932674111C6}.Release|Any CPU.Build.0 = Release|Any CPU
	EndGlobalSection
	GlobalSection(SolutionProperties) = preSolution
		HideSolutionNode = FALSE
	EndGlobalSection
	GlobalSection(ExtensibilityGlobals) = postSolution
		SolutionGuid = {40E6C1D2-BB06-4ABC-91C4-931790EEB4CC}
	EndGlobalSection
EndGlobal
