
Microsoft Visual Studio Solution File, Format Version 12.00
# Visual Studio Version 16
VisualStudioVersion = 16.0.33529.622
MinimumVisualStudioVersion = 10.0.40219.1
Project("{FAE04EC0-301F-11D3-BF4B-00C04F79EFBC}") = "chuong3", "chuong3\chuong3.csproj", "{4E453E2A-F1C9-4EAE-A7EF-E92B40E5ACEF}"
EndProject
Global
	GlobalSection(SolutionConfigurationPlatforms) = preSolution
		Debug|Any CPU = Debug|Any CPU
		Release|Any CPU = Release|Any CPU
	EndGlobalSection
	GlobalSection(ProjectConfigurationPlatforms) = postSolution
		{4E453E2A-F1C9-4EAE-A7EF-E92B40E5ACEF}.Debug|Any CPU.ActiveCfg = Debug|Any CPU
		{4E453E2A-F1C9-4EAE-A7EF-E92B40E5ACEF}.Debug|Any CPU.Build.0 = Debug|Any CPU
		{4E453E2A-F1C9-4EAE-A7EF-E92B40E5ACEF}.Release|Any CPU.ActiveCfg = Release|Any CPU
		{4E453E2A-F1C9-4EAE-A7EF-E92B40E5ACEF}.Release|Any CPU.Build.0 = Release|Any CPU
	EndGlobalSection
	GlobalSection(SolutionProperties) = preSolution
		HideSolutionNode = FALSE
	EndGlobalSection
	GlobalSection(ExtensibilityGlobals) = postSolution
		SolutionGuid = {0CF2686A-F3EE-40E9-A638-0CD8B8AB4FEA}
	EndGlobalSection
EndGlobal
